{
  "name": "ondas",
  "lockfileVersion": 3,
  "requires": true,
  "packages": {
    "": {
      "dependencies": {
        "@mesh-gradient/core": "^1.5.0"
      }
    },
    "node_modules/@mesh-gradient/core": {
      "version": "1.5.0",
      "resolved": "https://registry.npmjs.org/@mesh-gradient/core/-/core-1.5.0.tgz",
      "integrity": "sha512-68kCPIoY24EZsexxVT/w3B9/jGnscB7ntgy/GSBt4UVIJxNxq0VB5YmLSadRdoSdYa5WTOm8BgAwiXUnzVzD6Q==",
      "license": "MIT"
    }
  }
}
